
Microsoft Visual Studio Solution File, Format Version 12.00
# Visual Studio Version 17
VisualStudioVersion = 17.14.36401.2 d17.14
MinimumVisualStudioVersion = 10.0.40219.1
Project("{FAE04EC0-301F-11D3-BF4B-00C04F79EFBC}") = "CramponFix", "CramponFix\CramponFix.csproj", "{5138063C-3EBE-4CB0-8992-228A7A5A8736}"
EndProject
Global
	GlobalSection(SolutionConfigurationPlatforms) = preSolution
		Debug|Any CPU = Debug|Any CPU
		Release|Any CPU = Release|Any CPU
	EndGlobalSection
	GlobalSection(ProjectConfigurationPlatforms) = postSolution
		{5138063C-3EBE-4CB0-8992-228A7A5A8736}.Debug|Any CPU.ActiveCfg = Debug|Any CPU
		{5138063C-3EBE-4CB0-8992-228A7A5A8736}.Debug|Any CPU.Build.0 = Debug|Any CPU
		{5138063C-3EBE-4CB0-8992-228A7A5A8736}.Release|Any CPU.ActiveCfg = Release|Any CPU
		{5138063C-3EBE-4CB0-8992-228A7A5A8736}.Release|Any CPU.Build.0 = Release|Any CPU
	EndGlobalSection
	GlobalSection(SolutionProperties) = preSolution
		HideSolutionNode = FALSE
	EndGlobalSection
	GlobalSection(ExtensibilityGlobals) = postSolution
		SolutionGuid = {4B4ECB99-CD5A-4CC4-9DA1-C0D8BB8936C1}
	EndGlobalSection
EndGlobal
